{
  "name": "voice-music-control",
  "version": "0.0.16",
  "lockfileVersion": 3,
  "requires": true,
  "packages": {
    "": {
      "name": "voice-music-control",
      "version": "0.0.16",
      "devDependencies": {
        "@ast-grep/cli": "^0.40.3",
        "@types/youtube": "^0.1.0",
        "tone": "^14.8.49",
        "typescript": "^5.7.2"
      }
    },
    "node_modules/@ast-grep/cli": {
      "version": "0.40.5",
      "resolved": "https://registry.npmjs.org/@ast-grep/cli/-/cli-0.40.5.tgz",
      "integrity": "sha512-yVXL7Gz0WIHerQLf+MVaVSkhIhidtWReG5akNVr/JS9OVCVkSdz7gWm7H8jVv2M9OO1tauuG76K3UaRGBPu5lQ==",
      "dev": true,
      "hasInstallScript": true,
      "dependencies": {
        "detect-libc": "2.1.2"
      },
      "bin": {
        "ast-grep": "ast-grep",
        "sg": "sg"
      },
      "engines": {
        "node": ">= 12.0.0"
      },
      "optionalDependencies": {
        "@ast-grep/cli-darwin-arm64": "0.40.5",
        "@ast-grep/cli-darwin-x64": "0.40.5",
        "@ast-grep/cli-linux-arm64-gnu": "0.40.5",
        "@ast-grep/cli-linux-x64-gnu": "0.40.5",
        "@ast-grep/cli-win32-arm64-msvc": "0.40.5",
        "@ast-grep/cli-win32-ia32-msvc": "0.40.5",
        "@ast-grep/cli-win32-x64-msvc": "0.40.5"
      }
    },
    "node_modules/@ast-grep/cli-darwin-arm64": {
      "version": "0.40.5",
      "resolved": "https://registry.npmjs.org/@ast-grep/cli-darwin-arm64/-/cli-darwin-arm64-0.40.5.tgz",
      "integrity": "sha512-T9CzwJ1GqQhnANdsu6c7iT1akpvTVMK+AZrxnhIPv33Ze5hrXUUkqan+j4wUAukRJDqU7u94EhXLSLD+5tcJ8g==",
      "cpu": [
        "arm64"
      ],
      "dev": true,
      "license": "MIT",
      "optional": true,
      "os": [
        "darwin"
      ],
      "engines": {
        "node": ">= 10"
      }
    },
    "node_modules/@ast-grep/cli-darwin-x64": {
      "version": "0.40.5",
      "resolved": "https://registry.npmjs.org/@ast-grep/cli-darwin-x64/-/cli-darwin-x64-0.40.5.tgz",
      "integrity": "sha512-ez9b2zKvXU8f4ghhjlqYvbx6tWCKJTuVlNVqDDfjqwwhGeiTYfnzMlSVat4ElYRMd21gLtXZIMy055v2f21Ztg==",
      "cpu": [
        "x64"
      ],
      "dev": true,
      "license": "MIT",
      "optional": true,
      "os": [
        "darwin"
      ],
      "engines": {
        "node": ">= 10"
      }
    },
    "node_modules/@ast-grep/cli-linux-arm64-gnu": {
      "version": "0.40.5",
      "resolved": "https://registry.npmjs.org/@ast-grep/cli-linux-arm64-gnu/-/cli-linux-arm64-gnu-0.40.5.tgz",
      "integrity": "sha512-VXa2L1IEYD66AMb0GuG7VlMMbPmEGoJUySWDcwSZo/D9neiry3MJ41LQR5oTG2HyhIPBsf9umrXnmuRq66BviA==",
      "cpu": [
        "arm64"
      ],
      "dev": true,
      "license": "MIT",
      "optional": true,
      "os": [
        "linux"
      ],
      "engines": {
        "node": ">= 10"
      }
    },
    "node_modules/@ast-grep/cli-linux-x64-gnu": {
      "version": "0.40.5",
      "resolved": "https://registry.npmjs.org/@ast-grep/cli-linux-x64-gnu/-/cli-linux-x64-gnu-0.40.5.tgz",
      "integrity": "sha512-GQC5162eIOWXR2eQQ6Knzg7/8Trp5E1ODJkaErf0IubdQrZBGqj5AAcQPcWgPbbnmktjIp0H4NraPpOJ9eJ22A==",
      "cpu": [
        "x64"
      ],
      "dev": true,
      "license": "MIT",
      "optional": true,
      "os": [
        "linux"
      ],
      "engines": {
        "node": ">= 10"
      }
    },
    "node_modules/@ast-grep/cli-win32-arm64-msvc": {
      "version": "0.40.5",
      "resolved": "https://registry.npmjs.org/@ast-grep/cli-win32-arm64-msvc/-/cli-win32-arm64-msvc-0.40.5.tgz",
      "integrity": "sha512-YiZdnQZsSlXQTMsZJop/Ux9MmUGfuRvC2x/UbFgrt5OBSYxND+yoiMc0WcA3WG+wU+tt4ZkB5HUea3r/IkOLYA==",
      "cpu": [
        "arm64"
      ],
      "dev": true,
      "license": "MIT",
      "optional": true,
      "os": [
        "win32"
      ],
      "engines": {
        "node": ">= 10"
      }
    },
    "node_modules/@ast-grep/cli-win32-ia32-msvc": {
      "version": "0.40.5",
      "resolved": "https://registry.npmjs.org/@ast-grep/cli-win32-ia32-msvc/-/cli-win32-ia32-msvc-0.40.5.tgz",
      "integrity": "sha512-MHkCxCITVTr8sY9CcVqNKbfUzMa3Hc6IilGXad0Clnw2vNmPfWqSky+hU/UTerr5YHWwWfAVURH7ANZgirtx0Q==",
      "cpu": [
        "ia32"
      ],
      "dev": true,
      "license": "MIT",
      "optional": true,
      "os": [
        "win32"
      ],
      "engines": {
        "node": ">= 10"
      }
    },
    "node_modules/@ast-grep/cli-win32-x64-msvc": {
      "version": "0.40.5",
      "resolved": "https://registry.npmjs.org/@ast-grep/cli-win32-x64-msvc/-/cli-win32-x64-msvc-0.40.5.tgz",
      "integrity": "sha512-/MJ5un7yxlClaaxou9eYl+Kr2xr/yTtYtTq5aLBWjPWA6dmmJ1nAJgx5zKHVuplFXFBrFDQk3paEgAETMTGcrA==",
      "cpu": [
        "x64"
      ],
      "dev": true,
      "license": "MIT",
      "optional": true,
      "os": [
        "win32"
      ],
      "engines": {
        "node": ">= 10"
      }
    },
    "node_modules/@babel/runtime": {
      "version": "7.29.7",
      "resolved": "https://registry.npmjs.org/@babel/runtime/-/runtime-7.29.7.tgz",
      "integrity": "sha512-Nq8OhGWiZIZGV6hLHoyAKLLcJihP/xFeBMGJoUrxTX2psI8dCifzLhZISFb+VWS3wFMRDmCGw5R+dOySCqPLhw==",
      "dev": true,
      "license": "MIT",
      "engines": {
        "node": ">=6.9.0"
      }
    },
    "node_modules/@types/youtube": {
      "version": "0.1.2",
      "resolved": "https://registry.npmjs.org/@types/youtube/-/youtube-0.1.2.tgz",
      "integrity": "sha512-n1/KqusanheyQRWHamNZv8K3kydlRqyEsZEKxMTeNWXQTC15lZprITCUt+WgL1vAIvKHCjPBIWz/gf/KQLsB3g==",
      "dev": true,
      "license": "MIT"
    },
    "node_modules/automation-events": {
      "version": "7.1.19",
      "resolved": "https://registry.npmjs.org/automation-events/-/automation-events-7.1.19.tgz",
      "integrity": "sha512-cD+TLhJTI0q4AI3ktd353lrGZiVa9AchowSDzQzzGjSoYe22js4vlS32VUtWuaulghi1Yq0KYNWKk9wWuGymPA==",
      "dev": true,
      "license": "MIT",
      "dependencies": {
        "@babel/runtime": "^7.29.2",
        "tslib": "^2.8.1"
      },
      "engines": {
        "node": ">=18.2.0"
      }
    },
    "node_modules/detect-libc": {
      "version": "2.1.2",
      "resolved": "https://registry.npmjs.org/detect-libc/-/detect-libc-2.1.2.tgz",
      "integrity": "sha512-Btj2BOOO83o3WyH59e8MgXsxEQVcarkUOpEYrubB0urwnN10yQ364rsiByU11nZlqWYZm05i/of7io4mzihBtQ==",
      "dev": true,
      "license": "Apache-2.0",
      "engines": {
        "node": ">=8"
      }
    },
    "node_modules/standardized-audio-context": {
      "version": "25.3.77",
      "resolved": "https://registry.npmjs.org/standardized-audio-context/-/standardized-audio-context-25.3.77.tgz",
      "integrity": "sha512-Ki9zNz6pKcC5Pi+QPjPyVsD9GwJIJWgryji0XL9cAJXMGyn+dPOf6Qik1AHei0+UNVcc4BOCa0hWLBzlwqsW/A==",
      "dev": true,
      "license": "MIT",
      "dependencies": {
        "@babel/runtime": "^7.25.6",
        "automation-events": "^7.0.9",
        "tslib": "^2.7.0"
      }
    },
    "node_modules/tone": {
      "version": "14.9.17",
      "resolved": "https://registry.npmjs.org/tone/-/tone-14.9.17.tgz",
      "integrity": "sha512-+Qb7M4NMua+tb5Z52+MEVmjye0fjJuIFBePx423pqr9E6/lHDqZAG+fUAvo+Ujm48q0s9bVLRAyT1ETJJglNtg==",
      "dev": true,
      "license": "MIT",
      "dependencies": {
        "standardized-audio-context": "^25.3.70",
        "tslib": "^2.3.1"
      }
    },
    "node_modules/tslib": {
      "version": "2.8.1",
      "resolved": "https://registry.npmjs.org/tslib/-/tslib-2.8.1.tgz",
      "integrity": "sha512-oJFu94HQb+KVduSUQL7wnpmqnfmLsOA/nAh6b6EH0wCEoK0/mPeXU6c3wKDV83MkOuHPRHtSXKKU99IBazS/2w==",
      "dev": true,
      "license": "0BSD"
    },
    "node_modules/typescript": {
      "version": "5.9.3",
      "resolved": "https://registry.npmjs.org/typescript/-/typescript-5.9.3.tgz",
      "integrity": "sha512-jl1vZzPDinLr9eUt3J/t7V6FgNEw9QjvBPdysz9KfQDD41fQrC2Y4vKQdiaUpFT4bXlb1RHhLpp8wtm6M5TgSw==",
      "dev": true,
      "license": "Apache-2.0",
      "bin": {
        "tsc": "bin/tsc",
        "tsserver": "bin/tsserver"
      },
      "engines": {
        "node": ">=14.17"
      }
    }
  }
}
